
Microsoft Visual Studio Solution File, Format Version 12.00
# Visual Studio 15
VisualStudioVersion = 15.0.28307.1082
MinimumVisualStudioVersion = 10.0.40219.1
Project("{FAE04EC0-301F-11D3-BF4B-00C04F79EFBC}") = "AntojitosWS", "AntojitosWS\AntojitosWS.csproj", "{EFD25DC9-22B5-4E0F-B246-1E91EC437649}"
EndProject
Global
	GlobalSection(SolutionConfigurationPlatforms) = preSolution
		Debug|Any CPU = Debug|Any CPU
		Release|Any CPU = Release|Any CPU
	EndGlobalSection
	GlobalSection(ProjectConfigurationPlatforms) = postSolution
		{EFD25DC9-22B5-4E0F-B246-1E91EC437649}.Debug|Any CPU.ActiveCfg = Debug|Any CPU
		{EFD25DC9-22B5-4E0F-B246-1E91EC437649}.Debug|Any CPU.Build.0 = Debug|Any CPU
		{EFD25DC9-22B5-4E0F-B246-1E91EC437649}.Release|Any CPU.ActiveCfg = Release|Any CPU
		{EFD25DC9-22B5-4E0F-B246-1E91EC437649}.Release|Any CPU.Build.0 = Release|Any CPU
	EndGlobalSection
	GlobalSection(SolutionProperties) = preSolution
		HideSolutionNode = FALSE
	EndGlobalSection
	GlobalSection(ExtensibilityGlobals) = postSolution
		SolutionGuid = {B011B1CC-ED5A-4AF4-A0F8-A3752719FBDA}
	EndGlobalSection
EndGlobal
